
Microsoft Visual Studio Solution File, Format Version 12.00
# Visual Studio 15
VisualStudioVersion = 15.0.28307.489
MinimumVisualStudioVersion = 10.0.40219.1
Project("{FAE04EC0-301F-11D3-BF4B-00C04F79EFBC}") = "SlotMachine.Console", "SlotMachine.Console\SlotMachine.Console.csproj", "{12F7A3D0-7EF9-423F-B9E9-08EC3C0B2B2E}"
EndProject
Project("{FAE04EC0-301F-11D3-BF4B-00C04F79EFBC}") = "SlotMachine.Core", "SlotMachine.Core\SlotMachine.Core.csproj", "{9FEE1D09-0FD2-4087-B331-B2C56076FCF1}"
EndProject
Global
	GlobalSection(SolutionConfigurationPlatforms) = preSolution
		Debug|Any CPU = Debug|Any CPU
		Release|Any CPU = Release|Any CPU
	EndGlobalSection
	GlobalSection(ProjectConfigurationPlatforms) = postSolution
		{12F7A3D0-7EF9-423F-B9E9-08EC3C0B2B2E}.Debug|Any CPU.ActiveCfg = Debug|Any CPU
		{12F7A3D0-7EF9-423F-B9E9-08EC3C0B2B2E}.Debug|Any CPU.Build.0 = Debug|Any CPU
		{12F7A3D0-7EF9-423F-B9E9-08EC3C0B2B2E}.Release|Any CPU.ActiveCfg = Release|Any CPU
		{12F7A3D0-7EF9-423F-B9E9-08EC3C0B2B2E}.Release|Any CPU.Build.0 = Release|Any CPU
		{9FEE1D09-0FD2-4087-B331-B2C56076FCF1}.Debug|Any CPU.ActiveCfg = Debug|Any CPU
		{9FEE1D09-0FD2-4087-B331-B2C56076FCF1}.Debug|Any CPU.Build.0 = Debug|Any CPU
		{9FEE1D09-0FD2-4087-B331-B2C56076FCF1}.Release|Any CPU.ActiveCfg = Release|Any CPU
		{9FEE1D09-0FD2-4087-B331-B2C56076FCF1}.Release|Any CPU.Build.0 = Release|Any CPU
	EndGlobalSection
	GlobalSection(SolutionProperties) = preSolution
		HideSolutionNode = FALSE
	EndGlobalSection
	GlobalSection(ExtensibilityGlobals) = postSolution
		SolutionGuid = {2D880C69-0362-447A-A663-BD1C2EA3F1A4}
	EndGlobalSection
EndGlobal
