
Microsoft Visual Studio Solution File, Format Version 12.00
# Visual Studio 15
VisualStudioVersion = 15.0.28307.489
MinimumVisualStudioVersion = 10.0.40219.1
Project("{9A19103F-16F7-4668-BE54-9A1E7A4F7556}") = "SlotMachine.Core", "SlotMachine.Core\SlotMachine.Core.csproj", "{9FEE1D09-0FD2-4087-B331-B2C56076FCF1}"
EndProject
Global
	GlobalSection(SolutionConfigurationPlatforms) = preSolution
		Debug|Any CPU = Debug|Any CPU
		Release|Any CPU = Release|Any CPU
	EndGlobalSection
	GlobalSection(ProjectConfigurationPlatforms) = postSolution
		{9FEE1D09-0FD2-4087-B331-B2C56076FCF1}.Debug|Any CPU.ActiveCfg = Debug|Any CPU
		{9FEE1D09-0FD2-4087-B331-B2C56076FCF1}.Debug|Any CPU.Build.0 = Debug|Any CPU
		{9FEE1D09-0FD2-4087-B331-B2C56076FCF1}.Release|Any CPU.ActiveCfg = Release|Any CPU
		{9FEE1D09-0FD2-4087-B331-B2C56076FCF1}.Release|Any CPU.Build.0 = Release|Any CPU
	EndGlobalSection
	GlobalSection(SolutionProperties) = preSolution
		HideSolutionNode = FALSE
	EndGlobalSection
	GlobalSection(ExtensibilityGlobals) = postSolution
		SolutionGuid = {2D880C69-0362-447A-A663-BD1C2EA3F1A4}
	EndGlobalSection
EndGlobal
